Microsoft Visual Studio Solution File, Format Version 12.00
# Visual Studio Version 17
VisualStudioVersion = 17.5.2.0
MinimumVisualStudioVersion = 10.0.40219.1
Project("{FAE04EC0-301F-11D3-BF4B-00C04F79EFBC}") = "LeaveManagement.Api", "LeaveManagement.Api\LeaveManagement.Api.csproj", "{9B2DC565-EAED-69AB-D7C1-F9FA0FF9D64E}"
EndProject
Global
	GlobalSection(SolutionConfigurationPlatforms) = preSolution
		Debug|Any CPU = Debug|Any CPU
		Release|Any CPU = Release|Any CPU
	EndGlobalSection
	GlobalSection(ProjectConfigurationPlatforms) = postSolution
		{9B2DC565-EAED-69AB-D7C1-F9FA0FF9D64E}.Debug|Any CPU.ActiveCfg = Debug|Any CPU
		{9B2DC565-EAED-69AB-D7C1-F9FA0FF9D64E}.Debug|Any CPU.Build.0 = Debug|Any CPU
		{9B2DC565-EAED-69AB-D7C1-F9FA0FF9D64E}.Release|Any CPU.ActiveCfg = Release|Any CPU
		{9B2DC565-EAED-69AB-D7C1-F9FA0FF9D64E}.Release|Any CPU.Build.0 = Release|Any CPU
	EndGlobalSection
	GlobalSection(SolutionProperties) = preSolution
		HideSolutionNode = FALSE
	EndGlobalSection
	GlobalSection(ExtensibilityGlobals) = postSolution
		SolutionGuid = {E8DD08F1-6AF9-4ADA-A87D-87BFF777CBFD}
	EndGlobalSection
EndGlobal
